
Microsoft Visual Studio Solution File, Format Version 12.00
# Visual Studio Version 17
VisualStudioVersion = 17.12.35728.132 d17.12
MinimumVisualStudioVersion = 10.0.40219.1
Project("{2150E333-8FDC-42A3-9474-1A3956D46DE8}") = "src", "src", "{C68DA1AA-87E6-411E-B117-C2E48815E70F}"
EndProject
Project("{FAE04EC0-301F-11D3-BF4B-00C04F79EFBC}") = "HeuristicLib", "src\HeuristicLib\HeuristicLib.csproj", "{EF0D8218-AD1B-4839-BF18-D63D6B4FAC8D}"
EndProject
Project("{2150E333-8FDC-42A3-9474-1A3956D46DE8}") = "_ Solution Items", "_ Solution Items", "{3092DE3B-69B5-4A4B-A51E-BA7C33FC1621}"
	ProjectSection(SolutionItems) = preProject
		.editorconfig = .editorconfig
		.gitattributes = .gitattributes
		.gitignore = .gitignore
		Directory.Build.props = Directory.Build.props
		docfx.json = docfx.json
		index.md = index.md
		toc.yml = toc.yml
		README.md = README.md
	EndProjectSection
EndProject
Project("{2150E333-8FDC-42A3-9474-1A3956D46DE8}") = "test", "test", "{7D61D99E-D0EF-4AC1-8182-520A1990C4AC}"
EndProject
Project("{2150E333-8FDC-42A3-9474-1A3956D46DE8}") = "docs", "docs", "{46DC3720-0661-44BE-9797-DDACE15A1F7B}"
	ProjectSection(SolutionItems) = preProject
		docs\getting-started.md = docs\getting-started.md
		docs\introduction.md = docs\introduction.md
		docs\toc.yml = docs\toc.yml
		docs\overview.md = docs\overview.md
		docs\core-concepts.md = docs\core-concepts.md
		docs\problem.md = docs\problem.md
		docs\search-space.md = docs\search-space.md
		docs\objectives-and-solutions.md = docs\objectives-and-solutions.md
		docs\algorithm.md = docs\algorithm.md
		docs\algorithm-state.md = docs\algorithm-state.md
		docs\operators.md = docs\operators.md
		docs\execution-model.md = docs\execution-model.md
		docs\design-goals.md = docs\design-goals.md
		docs\legacy-introduction-notes.md = docs\legacy-introduction-notes.md
		docs\randomness.md = docs\randomness.md
	EndProjectSection
EndProject
Project("{FAE04EC0-301F-11D3-BF4B-00C04F79EFBC}") = "HeuristicLib.Tests", "test\HeuristicLib.Tests\HeuristicLib.Tests.csproj", "{BF9AD995-F08B-4F8E-BC31-3D69FFE41ABF}"
EndProject
Project("{FAE04EC0-301F-11D3-BF4B-00C04F79EFBC}") = "HeuristicLib.Abstractions", "src\HeuristicLib.Abstractions\HeuristicLib.Abstractions.csproj", "{D28E1A98-620B-45C1-B9DE-859B23B34F63}"
EndProject
Global
	GlobalSection(SolutionConfigurationPlatforms) = preSolution
		Debug|Any CPU = Debug|Any CPU
		Release|Any CPU = Release|Any CPU
	EndGlobalSection
	GlobalSection(ProjectConfigurationPlatforms) = postSolution
		{EF0D8218-AD1B-4839-BF18-D63D6B4FAC8D}.Debug|Any CPU.ActiveCfg = Debug|Any CPU
		{EF0D8218-AD1B-4839-BF18-D63D6B4FAC8D}.Debug|Any CPU.Build.0 = Debug|Any CPU
		{EF0D8218-AD1B-4839-BF18-D63D6B4FAC8D}.Release|Any CPU.ActiveCfg = Release|Any CPU
		{EF0D8218-AD1B-4839-BF18-D63D6B4FAC8D}.Release|Any CPU.Build.0 = Release|Any CPU
		{BF9AD995-F08B-4F8E-BC31-3D69FFE41ABF}.Debug|Any CPU.ActiveCfg = Debug|Any CPU
		{BF9AD995-F08B-4F8E-BC31-3D69FFE41ABF}.Debug|Any CPU.Build.0 = Debug|Any CPU
		{BF9AD995-F08B-4F8E-BC31-3D69FFE41ABF}.Release|Any CPU.ActiveCfg = Release|Any CPU
		{BF9AD995-F08B-4F8E-BC31-3D69FFE41ABF}.Release|Any CPU.Build.0 = Release|Any CPU
		{D28E1A98-620B-45C1-B9DE-859B23B34F63}.Debug|Any CPU.ActiveCfg = Debug|Any CPU
		{D28E1A98-620B-45C1-B9DE-859B23B34F63}.Debug|Any CPU.Build.0 = Debug|Any CPU
		{D28E1A98-620B-45C1-B9DE-859B23B34F63}.Release|Any CPU.ActiveCfg = Release|Any CPU
		{D28E1A98-620B-45C1-B9DE-859B23B34F63}.Release|Any CPU.Build.0 = Release|Any CPU
	EndGlobalSection
	GlobalSection(NestedProjects) = preSolution
		{EF0D8218-AD1B-4839-BF18-D63D6B4FAC8D} = {C68DA1AA-87E6-411E-B117-C2E48815E70F}
		{BF9AD995-F08B-4F8E-BC31-3D69FFE41ABF} = {7D61D99E-D0EF-4AC1-8182-520A1990C4AC}
		{D28E1A98-620B-45C1-B9DE-859B23B34F63} = {C68DA1AA-87E6-411E-B117-C2E48815E70F}
	EndGlobalSection
EndGlobal
